Microsoft Visual Studio Solution File, Format Version 12.00
# Visual Studio Version 17
VisualStudioVersion = 17.5.2.0
MinimumVisualStudioVersion = 10.0.40219.1
Project("{2150E333-8FDC-42A3-9474-1A3956D46DE8}") = "Interfaces", "Interfaces", "{F950DB2C-3B87-4536-55E6-8585CBA5CF21}"
EndProject
Project("{FAE04EC0-301F-11D3-BF4B-00C04F79EFBC}") = "InterfacesExcercise", "Interfaces\InterfacesExercise\InterfacesExcercise.csproj", "{4FE99F5C-2914-A0B3-546D-5BB6B0B4E398}"
EndProject
Global
	GlobalSection(SolutionConfigurationPlatforms) = preSolution
		Debug|Any CPU = Debug|Any CPU
		Release|Any CPU = Release|Any CPU
	EndGlobalSection
	GlobalSection(ProjectConfigurationPlatforms) = postSolution
		{4FE99F5C-2914-A0B3-546D-5BB6B0B4E398}.Debug|Any CPU.ActiveCfg = Debug|Any CPU
		{4FE99F5C-2914-A0B3-546D-5BB6B0B4E398}.Debug|Any CPU.Build.0 = Debug|Any CPU
		{4FE99F5C-2914-A0B3-546D-5BB6B0B4E398}.Release|Any CPU.ActiveCfg = Release|Any CPU
		{4FE99F5C-2914-A0B3-546D-5BB6B0B4E398}.Release|Any CPU.Build.0 = Release|Any CPU
	EndGlobalSection
	GlobalSection(SolutionProperties) = preSolution
		HideSolutionNode = FALSE
	EndGlobalSection
	GlobalSection(NestedProjects) = preSolution
		{4FE99F5C-2914-A0B3-546D-5BB6B0B4E398} = {F950DB2C-3B87-4536-55E6-8585CBA5CF21}
	EndGlobalSection
	GlobalSection(ExtensibilityGlobals) = postSolution
		SolutionGuid = {AC39C6DD-FC95-4821-BA2C-8AA0AFCE1F37}
	EndGlobalSection
EndGlobal
